// !$*UTF8*$!
{
	archiveVersion = 1;
	classes = {
	};
	objectVersion = 46;
	objects = {

/* Begin PBXBuildFile section */
		CCD5AB8F1E84B7DD001837CE /* AppDelegate.swift in Sources */ = {isa = PBXBuildFile; fileRef = CCD5AB8E1E84B7DD001837CE /* AppDelegate.swift */; };
		CCD5AB911E84B7DD001837CE /* ViewController.swift in Sources */ = {isa = PBXBuildFile; fileRef = CCD5AB901E84B7DD001837CE /* ViewController.swift */; };
		CCD5AB941E84B7DD001837CE /* Main.storyboard in Resources */ = {isa = PBXBuildFile; fileRef = CCD5AB921E84B7DD001837CE /* Main.storyboard */; };
		CCD5AB961E84B7DD001837CE /* Assets.xcassets in Resources */ = {isa = PBXBuildFile; fileRef = CCD5AB951E84B7DD001837CE /* Assets.xcassets */; };
		CCD5AB991E84B7DD001837CE /* LaunchScreen.storyboard in Resources */ = {isa = PBXBuildFile; fileRef = CCD5AB971E84B7DD001837CE /* LaunchScreen.storyboard */; };
/* End PBXBuildFile section */

/* Begin PBXFileReference section */
		CCD5AB8B1E84B7DD001837CE /* moneybags.app */ = {isa = PBXFileReference; explicitFileType = wrapper.application; includeInIndex = 0; path = moneybags.app; sourceTree = BUILT_PRODUCTS_DIR; };
		CCD5AB8E1E84B7DD001837CE /* AppDelegate.swift */ = {isa = PBXFileReference; lastKnownFileType = sourcecode.swift; path = AppDelegate.swift; sourceTree = "<group>"; };
		CCD5AB901E84B7DD001837CE /* ViewController.swift */ = {isa = PBXFileReference; lastKnownFileType = sourcecode.swift; path = ViewController.swift; sourceTree = "<group>"; };
		CCD5AB931E84B7DD001837CE /* Base */ = {isa = PBXFileReference; lastKnownFileType = file.storyboard; name = Base; path = Base.lproj/Main.storyboard; sourceTree = "<group>"; };
		CCD5AB951E84B7DD001837CE /* Assets.xcassets */ = {isa = PBXFileReference; lastKnownFileType = folder.assetcatalog; path = Assets.xcassets; sourceTree = "<group>"; };
		CCD5AB981E84B7DD001837CE /* Base */ = {isa = PBXFileReference; lastKnownFileType = file.storyboard; name = Base; path = Base.lproj/LaunchScreen.storyboard; sourceTree = "<group>"; };
		CCD5AB9A1E84B7DD001837CE /* Info.plist */ = {isa = PBXFileReference; lastKnownFileType = text.plist.xml; path = Info.plist; sourceTree = "<group>"; };
/* End PBXFileReference section */

/* Begin PBXFrameworksBuildPhase section */
		CCD5AB881E84B7DD001837CE /* Frameworks */ = {
			isa = PBXFrameworksBuildPhase;
			buildActionMask = 2147483647;
			files = (
			);
			runOnlyForDeploymentPostprocessing = 0;
		};
/* End PBXFrameworksBuildPhase section */

/* Begin PBXGroup section */
		CCD5AB821E84B7DD001837CE = {
			isa = PBXGroup;
			children = (
				CCD5AB8D1E84B7DD001837CE /* moneybags */,
				CCD5AB8C1E84B7DD001837CE /* Products */,
			);
			sourceTree = "<group>";
		};
		CCD5AB8C1E84B7DD001837CE /* Products */ = {
			isa = PBXGroup;
			children = (
				CCD5AB8B1E84B7DD001837CE /* moneybags.app */,
			);
			name = Products;
			sourceTree = "<group>";
		};
		CCD5AB8D1E84B7DD001837CE /* moneybags */ = {
			isa = PBXGroup;
			children = (
				CCD5AB8E1E84B7DD001837CE /* AppDelegate.swift */,
				CCD5AB901E84B7DD001837CE /* ViewController.swift */,
				CCD5AB921E84B7DD001837CE /* Main.storyboard */,
				CCD5AB951E84B7DD001837CE /* Assets.xcassets */,
				CCD5AB971E84B7DD001837CE /* LaunchScreen.storyboard */,
				CCD5AB9A1E84B7DD001837CE /* Info.plist */,
			);
			path = moneybags;
			sourceTree = "<group>";
		};
/* End PBXGroup section */

/* Begin PBXNativeTarget section */
		CCD5AB8A1E84B7DD001837CE /* moneybags */ = {
			isa = PBXNativeTarget;
			buildConfigurationList = CCD5AB9D1E84B7DD001837CE /* Build configuration list for PBXNativeTarget "moneybags" */;
			buildPhases = (
				CCD5AB871E84B7DD001837CE /* Sources */,
				CCD5AB881E84B7DD001837CE /* Frameworks */,
				CCD5AB891E84B7DD001837CE /* Resources */,
			);
			buildRules = (
			);
			dependencies = (
			);
			name = moneybags;
			productName = moneybags;
			productReference = CCD5AB8B1E84B7DD001837CE /* moneybags.app */;
			productType = "com.apple.product-type.application";
		};
/* End PBXNativeTarget section */

/* Begin PBXProject section */
		CCD5AB831E84B7DD001837CE /* Project object */ = {
			isa = PBXProject;
			attributes = {
				LastSwiftUpdateCheck = 0820;
				LastUpgradeCheck = 0820;
				ORGANIZATIONNAME = "Bobby Estrada";
				TargetAttributes = {
					CCD5AB8A1E84B7DD001837CE = {
						CreatedOnToolsVersion = 8.2.1;
						DevelopmentTeam = 65H54J4R85;
						ProvisioningStyle = Automatic;
					};
				};
			};
			buildConfigurationList = CCD5AB861E84B7DD001837CE /* Build configuration list for PBXProject "moneybags" */;
			compatibilityVersion = "Xcode 3.2";
			developmentRegion = English;
			hasScannedForEncodings = 0;
			knownRegions = (
				en,
				Base,
			);
			mainGroup = CCD5AB821E84B7DD001837CE;
			productRefGroup = CCD5AB8C1E84B7DD001837CE /* Products */;
			projectDirPath = "";
			projectRoot = "";
			targets = (
				CCD5AB8A1E84B7DD001837CE /* moneybags */,
			);
		};
/* End PBXProject section */

/* Begin PBXResourcesBuildPhase section */
		CCD5AB891E84B7DD001837CE /* Resources */ = {
			isa = PBXResourcesBuildPhase;
			buildActionMask = 2147483647;
			files = (
				CCD5AB991E84B7DD001837CE /* LaunchScreen.storyboard in Resources */,
				CCD5AB961E84B7DD001837CE /* Assets.xcassets in Resources */,
				CCD5AB941E84B7DD001837CE /* Main.storyboard in Resources */,
			);
			runOnlyForDeploymentPostprocessing = 0;
		};
/* End PBXResourcesBuildPhase section */

/* Begin PBXSourcesBuildPhase section */
		CCD5AB871E84B7DD001837CE /* Sources */ = {
			isa = PBXSourcesBuildPhase;
			buildActionMask = 2147483647;
			files = (
				CCD5AB911E84B7DD001837CE /* ViewController.swift in Sources */,
				CCD5AB8F1E84B7DD001837CE /* AppDelegate.swift in Sources */,
			);
			runOnlyForDeploymentPostprocessing = 0;
		};
/* End PBXSourcesBuildPhase section */

/* Begin PBXVariantGroup section */
		CCD5AB921E84B7DD001837CE /* Main.storyboard */ = {
			isa = PBXVariantGroup;
			children = (
				CCD5AB931E84B7DD001837CE /* Base */,
			);
			name = Main.storyboard;
			sourceTree = "<group>";
		};
		CCD5AB971E84B7DD001837CE /* LaunchScreen.storyboard */ = {
			isa = PBXVariantGroup;
			children = (
				CCD5AB981E84B7DD001837CE /* Base */,
			);
			name = LaunchScreen.storyboard;
			sourceTree = "<group>";
		};
/* End PBXVariantGroup section */

/* Begin XCBuildConfiguration section */
		CCD5AB9B1E84B7DD001837CE /* Debug */ = {
			isa = XCBuildConfiguration;
			buildSettings = {
				ALWAYS_SEARCH_USER_PATHS = NO;
				CLANG_ANALYZER_NONNULL = YES;
				CLANG_CXX_LANGUAGE_STANDARD = "gnu++0x";
				CLANG_CXX_LIBRARY = "libc++";
				CLANG_ENABLE_MODULES = YES;
				CLANG_ENABLE_OBJC_ARC = YES;
				CLANG_WARN_BOOL_CONVERSION = YES;
				CLANG_WARN_CONSTANT_CONVERSION = YES;
				CLANG_WARN_DIRECT_OBJC_ISA_USAGE = YES_ERROR;
				CLANG_WARN_DOCUMENTATION_COMMENTS = YES;
				CLANG_WARN_EMPTY_BODY = YES;
				CLANG_WARN_ENUM_CONVERSION = YES;
				CLANG_WARN_INFINITE_RECURSION = YES;
				CLANG_WARN_INT_CONVERSION = YES;
				CLANG_WARN_OBJC_ROOT_CLASS = YES_ERROR;
				CLANG_WARN_SUSPICIOUS_MOVE = YES;
				CLANG_WARN_UNREACHABLE_CODE = YES;
				CLANG_WARN__DUPLICATE_METHOD_MATCH = YES;
				"CODE_SIGN_IDENTITY[sdk=iphoneos*]" = "iPhone Developer";
				COPY_PHASE_STRIP = NO;
				DEBUG_INFORMATION_FORMAT = dwarf;
				ENABLE_STRICT_OBJC_MSGSEND = YES;
				ENABLE_TESTABILITY = YES;
				GCC_C_LANGUAGE_STANDARD = gnu99;
				GCC_DYNAMIC_NO_PIC = NO;
				GCC_NO_COMMON_BLOCKS = YES;
				GCC_OPTIMIZATION_LEVEL = 0;
				GCC_PREPROCESSOR_DEFINITIONS = (
					"DEBUG=1",
					"$(inherited)",
				);
				GCC_WARN_64_TO_32_BIT_CONVERSION = YES;
				GCC_WARN_ABOUT_RETURN_TYPE = YES_ERROR;
				GCC_WARN_UNDECLARED_SELECTOR = YES;
				GCC_WARN_UNINITIALIZED_AUTOS = YES_AGGRESSIVE;
				GCC_WARN_UNUSED_FUNCTION = YES;
				GCC_WARN_UNUSED_VARIABLE = YES;
				IPHONEOS_DEPLOYMENT_TARGET = 10.2;
				MTL_ENABLE_DEBUG_INFO = YES;
				ONLY_ACTIVE_ARCH = YES;
				SDKROOT = iphoneos;
				SWIFT_ACTIVE_COMPILATION_CONDITIONS = DEBUG;
				SWIFT_OPTIMIZATION_LEVEL = "-Onone";
				TARGETED_DEVICE_FAMILY = "1,2";
			};
			name = Debug;
		};
		CCD5AB9C1E84B7DD001837CE /* Release */ = {
			isa = XCBuildConfiguration;
			buildSettings = {
				ALWAYS_SEARCH_USER_PATHS = NO;
				CLANG_ANALYZER_NONNULL = YES;
				CLANG_CXX_LANGUAGE_STANDARD = "gnu++0x";
				CLANG_CXX_LIBRARY = "libc++";
				CLANG_ENABLE_MODULES = YES;
				CLANG_ENABLE_OBJC_ARC = YES;
				CLANG_WARN_BOOL_CONVERSION = YES;
				CLANG_WARN_CONSTANT_CONVERSION = YES;
				CLANG_WARN_DIRECT_OBJC_ISA_USAGE = YES_ERROR;
				CLANG_WARN_DOCUMENTATION_COMMENTS = YES;
				CLANG_WARN_EMPTY_BODY = YES;
				CLANG_WARN_ENUM_CONVERSION = YES;
				CLANG_WARN_INFINITE_RECURSION = YES;
				CLANG_WARN_INT_CONVERSION = YES;
				CLANG_WARN_OBJC_ROOT_CLASS = YES_ERROR;
				CLANG_WARN_SUSPICIOUS_MOVE = YES;
				CLANG_WARN_UNREACHABLE_CODE = YES;
				CLANG_WARN__DUPLICATE_METHOD_MATCH = YES;
				"CODE_SIGN_IDENTITY[sdk=iphoneos*]" = "iPhone Developer";
				COPY_PHASE_STRIP = NO;
				DEBUG_INFORMATION_FORMAT = "dwarf-with-dsym";
				ENABLE_NS_ASSERTIONS = NO;
				ENABLE_STRICT_OBJC_MSGSEND = YES;
				GCC_C_LANGUAGE_STANDARD = gnu99;
				GCC_NO_COMMON_BLOCKS = YES;
				GCC_WARN_64_TO_32_BIT_CONVERSION = YES;
				GCC_WARN_ABOUT_RETURN_TYPE = YES_ERROR;
				GCC_WARN_UNDECLARED_SELECTOR = YES;
				GCC_WARN_UNINITIALIZED_AUTOS = YES_AGGRESSIVE;
				GCC_WARN_UNUSED_FUNCTION = YES;
				GCC_WARN_UNUSED_VARIABLE = YES;
				IPHONEOS_DEPLOYMENT_TARGET = 10.2;
				MTL_ENABLE_DEBUG_INFO = NO;
				SDKROOT = iphoneos;
				SWIFT_OPTIMIZATION_LEVEL = "-Owholemodule";
				TARGETED_DEVICE_FAMILY = "1,2";
				VALIDATE_PRODUCT = YES;
			};
			name = Release;
		};
		CCD5AB9E1E84B7DD001837CE /* Debug */ = {
			isa = XCBuildConfiguration;
			buildSettings = {
				ASSETCATALOG_COMPILER_APPICON_NAME = AppIcon;
				DEVELOPMENT_TEAM = 65H54J4R85;
				INFOPLIST_FILE = moneybags/Info.plist;
				LD_RUNPATH_SEARCH_PATHS = "$(inherited) @executable_path/Frameworks";
				PRODUCT_BUNDLE_IDENTIFIER = com.bobby.moneybags;
				PRODUCT_NAME = "$(TARGET_NAME)";
				SWIFT_VERSION = 3.0;
			};
			name = Debug;
		};
		CCD5AB9F1E84B7DD001837CE /* Release */ = {
			isa = XCBuildConfiguration;
			buildSettings = {
				ASSETCATALOG_COMPILER_APPICON_NAME = AppIcon;
				DEVELOPMENT_TEAM = 65H54J4R85;
				INFOPLIST_FILE = moneybags/Info.plist;
				LD_RUNPATH_SEARCH_PATHS = "$(inherited) @executable_path/Frameworks";
				PRODUCT_BUNDLE_IDENTIFIER = com.bobby.moneybags;
				PRODUCT_NAME = "$(TARGET_NAME)";
				SWIFT_VERSION = 3.0;
			};
			name = Release;
		};
/* End XCBuildConfiguration section */

/* Begin XCConfigurationList section */
		CCD5AB861E84B7DD001837CE /* Build configuration list for PBXProject "moneybags" */ = {
			isa = XCConfigurationList;
			buildConfigurations = (
				CCD5AB9B1E84B7DD001837CE /* Debug */,
				CCD5AB9C1E84B7DD001837CE /* Release */,
			);
			defaultConfigurationIsVisible = 0;
			defaultConfigurationName = Release;
		};
		CCD5AB9D1E84B7DD001837CE /* Build configuration list for PBXNativeTarget "moneybags" */ = {
			isa = XCConfigurationList;
			buildConfigurations = (
				CCD5AB9E1E84B7DD001837CE /* Debug */,
				CCD5AB9F1E84B7DD001837CE /* Release */,
			);
			defaultConfigurationIsVisible = 0;
		};
/* End XCConfigurationList section */
	};
	rootObject = CCD5AB831E84B7DD001837CE /* Project object */;
}
